
Microsoft Visual Studio Solution File, Format Version 12.00
# Visual Studio Version 17
VisualStudioVersion = 17.0.31912.275
MinimumVisualStudioVersion = 10.0.40219.1
Project("{FAE04EC0-301F-11D3-BF4B-00C04F79EFBC}") = "WebsocketSharpNET", "WebsocketSharpNET.csproj", "{767008F3-97A8-467B-B141-C091426A4997}"
EndProject
Global
	GlobalSection(SolutionConfigurationPlatforms) = preSolution
		Debug|Any CPU = Debug|Any CPU
		Release|Any CPU = Release|Any CPU
	EndGlobalSection
	GlobalSection(ProjectConfigurationPlatforms) = postSolution
		{767008F3-97A8-467B-B141-C091426A4997}.Debug|Any CPU.ActiveCfg = Debug|Any CPU
		{767008F3-97A8-467B-B141-C091426A4997}.Debug|Any CPU.Build.0 = Debug|Any CPU
		{767008F3-97A8-467B-B141-C091426A4997}.Release|Any CPU.ActiveCfg = Release|Any CPU
		{767008F3-97A8-467B-B141-C091426A4997}.Release|Any CPU.Build.0 = Release|Any CPU
	EndGlobalSection
	GlobalSection(SolutionProperties) = preSolution
		HideSolutionNode = FALSE
	EndGlobalSection
	GlobalSection(ExtensibilityGlobals) = postSolution
		SolutionGuid = {6746B5E8-0884-405F-95AC-69CFE531B7C9}
	EndGlobalSection
EndGlobal
